
Microsoft Visual Studio Solution File, Format Version 12.00
# Visual Studio 15
VisualStudioVersion = 15.0.27703.2035
MinimumVisualStudioVersion = 10.0.40219.1
Project("{8BC9CEB8-8B4A-11D0-8D11-00A0C91BC942}") = "Exp50_Gen10000_0.0004_normal", "Exp50_Gen10000_0.0004_normal\Exp50_Gen10000_0.0004_normal.vcxproj", "{96A044FF-67BF-4A6A-842B-80591C7407C3}"
EndProject
Global
	GlobalSection(SolutionConfigurationPlatforms) = preSolution
		Debug|x64 = Debug|x64
		Debug|x86 = Debug|x86
		Release|x64 = Release|x64
		Release|x86 = Release|x86
	EndGlobalSection
	GlobalSection(ProjectConfigurationPlatforms) = postSolution
		{96A044FF-67BF-4A6A-842B-80591C7407C3}.Debug|x64.ActiveCfg = Debug|x64
		{96A044FF-67BF-4A6A-842B-80591C7407C3}.Debug|x64.Build.0 = Debug|x64
		{96A044FF-67BF-4A6A-842B-80591C7407C3}.Debug|x86.ActiveCfg = Debug|Win32
		{96A044FF-67BF-4A6A-842B-80591C7407C3}.Debug|x86.Build.0 = Debug|Win32
		{96A044FF-67BF-4A6A-842B-80591C7407C3}.Release|x64.ActiveCfg = Release|x64
		{96A044FF-67BF-4A6A-842B-80591C7407C3}.Release|x64.Build.0 = Release|x64
		{96A044FF-67BF-4A6A-842B-80591C7407C3}.Release|x86.ActiveCfg = Release|Win32
		{96A044FF-67BF-4A6A-842B-80591C7407C3}.Release|x86.Build.0 = Release|Win32
	EndGlobalSection
	GlobalSection(SolutionProperties) = preSolution
		HideSolutionNode = FALSE
	EndGlobalSection
	GlobalSection(ExtensibilityGlobals) = postSolution
		SolutionGuid = {D9621D80-9452-4252-B9E8-DD1F005E6010}
	EndGlobalSection
EndGlobal
